
Microsoft Visual Studio Solution File, Format Version 12.00
# Visual Studio 15
VisualStudioVersion = 15.0.28307.489
MinimumVisualStudioVersion = 10.0.40219.1
Project("{FAE04EC0-301F-11D3-BF4B-00C04F79EFBC}") = "FooBar", "FooBar\FooBar.csproj", "{2DC74F52-A2C4-411A-AA52-DA00E3167CD1}"
EndProject
Project("{FAE04EC0-301F-11D3-BF4B-00C04F79EFBC}") = "UniqueNumbers", "UniqueNumbers\UniqueNumbers.csproj", "{39629B5D-E0F1-4561-8D95-5DE40FB2ABDB}"
EndProject
Project("{FAE04EC0-301F-11D3-BF4B-00C04F79EFBC}") = "RearrangeArray", "RearrangeArray\RearrangeArray.csproj", "{5D3B19A2-0C87-4285-94C5-349EFB0C8F70}"
EndProject
Project("{FAE04EC0-301F-11D3-BF4B-00C04F79EFBC}") = "IntegersSorting", "IntegersSorting\IntegersSorting.csproj", "{E7B63578-1C6F-4663-8F79-D44A7E6B2661}"
EndProject
Global
	GlobalSection(SolutionConfigurationPlatforms) = preSolution
		Debug|Any CPU = Debug|Any CPU
		Release|Any CPU = Release|Any CPU
	EndGlobalSection
	GlobalSection(ProjectConfigurationPlatforms) = postSolution
		{2DC74F52-A2C4-411A-AA52-DA00E3167CD1}.Debug|Any CPU.ActiveCfg = Debug|Any CPU
		{2DC74F52-A2C4-411A-AA52-DA00E3167CD1}.Debug|Any CPU.Build.0 = Debug|Any CPU
		{2DC74F52-A2C4-411A-AA52-DA00E3167CD1}.Release|Any CPU.ActiveCfg = Release|Any CPU
		{2DC74F52-A2C4-411A-AA52-DA00E3167CD1}.Release|Any CPU.Build.0 = Release|Any CPU
		{39629B5D-E0F1-4561-8D95-5DE40FB2ABDB}.Debug|Any CPU.ActiveCfg = Debug|Any CPU
		{39629B5D-E0F1-4561-8D95-5DE40FB2ABDB}.Debug|Any CPU.Build.0 = Debug|Any CPU
		{39629B5D-E0F1-4561-8D95-5DE40FB2ABDB}.Release|Any CPU.ActiveCfg = Release|Any CPU
		{39629B5D-E0F1-4561-8D95-5DE40FB2ABDB}.Release|Any CPU.Build.0 = Release|Any CPU
		{5D3B19A2-0C87-4285-94C5-349EFB0C8F70}.Debug|Any CPU.ActiveCfg = Debug|Any CPU
		{5D3B19A2-0C87-4285-94C5-349EFB0C8F70}.Debug|Any CPU.Build.0 = Debug|Any CPU
		{5D3B19A2-0C87-4285-94C5-349EFB0C8F70}.Release|Any CPU.ActiveCfg = Release|Any CPU
		{5D3B19A2-0C87-4285-94C5-349EFB0C8F70}.Release|Any CPU.Build.0 = Release|Any CPU
		{E7B63578-1C6F-4663-8F79-D44A7E6B2661}.Debug|Any CPU.ActiveCfg = Debug|Any CPU
		{E7B63578-1C6F-4663-8F79-D44A7E6B2661}.Debug|Any CPU.Build.0 = Debug|Any CPU
		{E7B63578-1C6F-4663-8F79-D44A7E6B2661}.Release|Any CPU.ActiveCfg = Release|Any CPU
		{E7B63578-1C6F-4663-8F79-D44A7E6B2661}.Release|Any CPU.Build.0 = Release|Any CPU
	EndGlobalSection
	GlobalSection(SolutionProperties) = preSolution
		HideSolutionNode = FALSE
	EndGlobalSection
	GlobalSection(ExtensibilityGlobals) = postSolution
		SolutionGuid = {5183A1CC-5C38-4048-9792-E7CC1F824459}
	EndGlobalSection
EndGlobal
